
Microsoft Visual Studio Solution File, Format Version 10.00
# Visual C# Express 2008
Project("{FAE04EC0-301F-11D3-BF4B-00C04F79EFBC}") = "Prowl", "Prowl\Prowl.csproj", "{F9E133AF-1516-4FBE-85FD-F64CF283C6C9}"
EndProject
Project("{FAE04EC0-301F-11D3-BF4B-00C04F79EFBC}") = "Test", "Test\Test.csproj", "{77B458D7-C7A8-4F5A-B78D-89C3BB69BBAA}"
EndProject
Global
	GlobalSection(SolutionConfigurationPlatforms) = preSolution
		Debug|Any CPU = Debug|Any CPU
		Release|Any CPU = Release|Any CPU
	EndGlobalSection
	GlobalSection(ProjectConfigurationPlatforms) = postSolution
		{F9E133AF-1516-4FBE-85FD-F64CF283C6C9}.Debug|Any CPU.ActiveCfg = Debug|Any CPU
		{F9E133AF-1516-4FBE-85FD-F64CF283C6C9}.Debug|Any CPU.Build.0 = Debug|Any CPU
		{F9E133AF-1516-4FBE-85FD-F64CF283C6C9}.Release|Any CPU.ActiveCfg = Release|Any CPU
		{F9E133AF-1516-4FBE-85FD-F64CF283C6C9}.Release|Any CPU.Build.0 = Release|Any CPU
		{77B458D7-C7A8-4F5A-B78D-89C3BB69BBAA}.Debug|Any CPU.ActiveCfg = Debug|Any CPU
		{77B458D7-C7A8-4F5A-B78D-89C3BB69BBAA}.Debug|Any CPU.Build.0 = Debug|Any CPU
		{77B458D7-C7A8-4F5A-B78D-89C3BB69BBAA}.Release|Any CPU.ActiveCfg = Release|Any CPU
		{77B458D7-C7A8-4F5A-B78D-89C3BB69BBAA}.Release|Any CPU.Build.0 = Release|Any CPU
	EndGlobalSection
	GlobalSection(SolutionProperties) = preSolution
		HideSolutionNode = FALSE
	EndGlobalSection
EndGlobal
